
Microsoft Visual Studio Solution File, Format Version 12.00
# Visual Studio 2012
Project("{FAE04EC0-301F-11D3-BF4B-00C04F79EFBC}") = "CarPark", "TaxiStation\CarPark.csproj", "{8CF0C685-2E78-46F0-9114-96AA138E075F}"
EndProject
Global
	GlobalSection(SolutionConfigurationPlatforms) = preSolution
		Debug|Any CPU = Debug|Any CPU
		Release|Any CPU = Release|Any CPU
	EndGlobalSection
	GlobalSection(ProjectConfigurationPlatforms) = postSolution
		{8CF0C685-2E78-46F0-9114-96AA138E075F}.Debug|Any CPU.ActiveCfg = Debug|Any CPU
		{8CF0C685-2E78-46F0-9114-96AA138E075F}.Debug|Any CPU.Build.0 = Debug|Any CPU
		{8CF0C685-2E78-46F0-9114-96AA138E075F}.Release|Any CPU.ActiveCfg = Release|Any CPU
		{8CF0C685-2E78-46F0-9114-96AA138E075F}.Release|Any CPU.Build.0 = Release|Any CPU
	EndGlobalSection
	GlobalSection(SolutionProperties) = preSolution
		HideSolutionNode = FALSE
	EndGlobalSection
EndGlobal
